
Microsoft Visual Studio Solution File, Format Version 12.00
# Visual Studio Version 17
VisualStudioVersion = 17.6.33801.468
MinimumVisualStudioVersion = 10.0.40219.1
Project("{2150E333-8FDC-42A3-9474-1A3956D46DE8}") = "Task0", "Task0", "{C29E9D7E-1714-4816-A03C-7F83360A5ED0}"
EndProject
Project("{FAE04EC0-301F-11D3-BF4B-00C04F79EFBC}") = "Tyuiu.ElmurzaevIH.Sprint5.Task0.V4", "Tyuiu.ElmurzaevIH.Sprint5.Task0.V4\Tyuiu.ElmurzaevIH.Sprint5.Task0.V4.csproj", "{EE413596-D5C9-44C6-A8A1-FF0D1A6F2D84}"
EndProject
Project("{FAE04EC0-301F-11D3-BF4B-00C04F79EFBC}") = "Tyuiu.ElmurzaevIH.Sprint5.Task0.V4.Lib", "Tyuiu.ElmurzaevIH.Sprint5.Task0.V4.Lib\Tyuiu.ElmurzaevIH.Sprint5.Task0.V4.Lib.csproj", "{8A671CBB-FB24-4BC2-9C54-D4C15443D286}"
EndProject
Project("{FAE04EC0-301F-11D3-BF4B-00C04F79EFBC}") = "Tyuiu.ElmurzaevIH.Sprint5.Task0.V4.Test", "Tyuiu.ElmurzaevIH.Sprint5.Task0.V4.Test\Tyuiu.ElmurzaevIH.Sprint5.Task0.V4.Test.csproj", "{7B461482-04BA-46BD-B10A-7D042250C104}"
EndProject
Project("{2150E333-8FDC-42A3-9474-1A3956D46DE8}") = "Task1", "Task1", "{8F5AE663-CE4F-464F-8940-B21F4DF8290B}"
EndProject
Project("{FAE04EC0-301F-11D3-BF4B-00C04F79EFBC}") = "Tyuiu.ElmurzaevIH.Sprint5.Task1.V29", "Tyuiu.ElmurzaevIH.Sprint5.Task1.V29\Tyuiu.ElmurzaevIH.Sprint5.Task1.V29.csproj", "{6526BA8D-3E89-439D-941B-DEFC408B4B70}"
EndProject
Project("{FAE04EC0-301F-11D3-BF4B-00C04F79EFBC}") = "Tyuiu.ElmurzaevIH.Sprint5.Task1.V29.Lib", "Tyuiu.ElmurzaevIH.Sprint5.Task1.V29.Lib\Tyuiu.ElmurzaevIH.Sprint5.Task1.V29.Lib.csproj", "{00D7F9A1-BB98-4B83-B8A7-0D09FF0FC7FE}"
EndProject
Project("{FAE04EC0-301F-11D3-BF4B-00C04F79EFBC}") = "Tyuiu.ElmurzaevIH.Sprint5.Task1.V29.Test", "Tyuiu.ElmurzaevIH.Sprint5.Task1.V29.Test\Tyuiu.ElmurzaevIH.Sprint5.Task1.V29.Test.csproj", "{C09A4326-C8CD-4961-A730-23934EE3CDD5}"
EndProject
Project("{2150E333-8FDC-42A3-9474-1A3956D46DE8}") = "Task2", "Task2", "{64384C20-DE14-4B0C-8894-A5C9EE98A71D}"
EndProject
Project("{FAE04EC0-301F-11D3-BF4B-00C04F79EFBC}") = "Tyuiu.ElmurzaevIH.Sprint5.Task2.V16", "Tyuiu.ElmurzaevIH.Sprint5.Task2.V16\Tyuiu.ElmurzaevIH.Sprint5.Task2.V16.csproj", "{F8F153BD-2F25-4EDE-9370-2DD91BFF12D2}"
EndProject
Project("{FAE04EC0-301F-11D3-BF4B-00C04F79EFBC}") = "Tyuiu.ElmurzaevIH.Sprint5.Task2.V16.Lib", "Tyuiu.ElmurzaevIH.Sprint5.Task2.V16.Lib\Tyuiu.ElmurzaevIH.Sprint5.Task2.V16.Lib.csproj", "{4EE0B76B-2FE3-4107-8043-1A07437999FE}"
EndProject
Project("{FAE04EC0-301F-11D3-BF4B-00C04F79EFBC}") = "Tyuiu.ElmurzaevIH.Sprint5.Task2.V16.Test", "Tyuiu.ElmurzaevIH.Sprint5.Task2.V16.Test\Tyuiu.ElmurzaevIH.Sprint5.Task2.V16.Test.csproj", "{8CDED294-D4A8-4285-8F67-5B2B8B823C2B}"
EndProject
Project("{2150E333-8FDC-42A3-9474-1A3956D46DE8}") = "Task3", "Task3", "{7AE0120C-8034-4ED0-A0D7-E0A73A73F65D}"
EndProject
Project("{FAE04EC0-301F-11D3-BF4B-00C04F79EFBC}") = "Tyuiu.ElmurzaevIH.Sprint5.Task3.V26", "Tyuiu.ElmurzaevIH.Sprint5.Task3.V26\Tyuiu.ElmurzaevIH.Sprint5.Task3.V26.csproj", "{37CFDF4F-BFA4-4018-955C-FF4336E6E6D3}"
EndProject
Project("{FAE04EC0-301F-11D3-BF4B-00C04F79EFBC}") = "Tyuiu.ElmurzaevIH.Sprint5.Task3.V26.Lib", "Tyuiu.ElmurzaevIH.Sprint5.Task3.V26.Lib\Tyuiu.ElmurzaevIH.Sprint5.Task3.V26.Lib.csproj", "{27E8BCBE-A80A-47B4-87C5-2C8730050B52}"
EndProject
Project("{FAE04EC0-301F-11D3-BF4B-00C04F79EFBC}") = "Tyuiu.ElmurzaevIH.Sprint5.Task3.V26.Test", "Tyuiu.ElmurzaevIH.Sprint5.Task3.V26.Test\Tyuiu.ElmurzaevIH.Sprint5.Task3.V26.Test.csproj", "{053964B6-C7A6-4BD6-9A6F-933943D7DA7E}"
EndProject
Project("{2150E333-8FDC-42A3-9474-1A3956D46DE8}") = "Task4", "Task4", "{90B13114-14A8-4EE0-9005-984A42FB0C27}"
EndProject
Project("{FAE04EC0-301F-11D3-BF4B-00C04F79EFBC}") = "Tyuiu.ElmurzaevIH.Sprint5.Task4.V20", "Tyuiu.ElmurzaevIH.Sprint5.Task4.V20\Tyuiu.ElmurzaevIH.Sprint5.Task4.V20.csproj", "{583B516F-FF71-4433-B711-E213EF5B3D37}"
EndProject
Project("{FAE04EC0-301F-11D3-BF4B-00C04F79EFBC}") = "Tyuiu.ElmurzaevIH.Sprint5.Task4.V20.Lib", "Tyuiu.ElmurzaevIH.Sprint5.Task4.V20.Lib\Tyuiu.ElmurzaevIH.Sprint5.Task4.V20.Lib.csproj", "{F5D8CDFF-C72F-44A0-9EE5-41AD6293D7B5}"
EndProject
Project("{FAE04EC0-301F-11D3-BF4B-00C04F79EFBC}") = "Tyuiu.ElmurzaevIH.Sprint5.Task4.V20.Test", "Tyuiu.ElmurzaevIH.Sprint5.Task4.V20.Test\Tyuiu.ElmurzaevIH.Sprint5.Task4.V20.Test.csproj", "{D5CCDF13-BE5A-4807-BEF1-0DEF36A4DAB6}"
EndProject
Project("{2150E333-8FDC-42A3-9474-1A3956D46DE8}") = "Task5", "Task5", "{139CD47F-F3A5-4E5D-BDB8-86B873DC398C}"
EndProject
Project("{FAE04EC0-301F-11D3-BF4B-00C04F79EFBC}") = "Tyuiu.ElmurzaevIH.Sprint5.Task5.V29", "Tyuiu.ElmurzaevIH.Sprint5.Task5.V29\Tyuiu.ElmurzaevIH.Sprint5.Task5.V29.csproj", "{D6F7B316-4FD6-4E67-8409-FF495AD24D18}"
EndProject
Project("{FAE04EC0-301F-11D3-BF4B-00C04F79EFBC}") = "Tyuiu.ElmurzaevIH.Sprint5.Task5.V29.Lib", "Tyuiu.ElmurzaevIH.Sprint5.Task5.V29.Lib\Tyuiu.ElmurzaevIH.Sprint5.Task5.V29.Lib.csproj", "{527397CA-AB6D-417F-AEF1-7B3E62B33D6A}"
EndProject
Project("{FAE04EC0-301F-11D3-BF4B-00C04F79EFBC}") = "Tyuiu.ElmurzaevIH.Sprint5.Task5.V29.Test", "Tyuiu.ElmurzaevIH.Sprint5.Task5.V29.Test\Tyuiu.ElmurzaevIH.Sprint5.Task5.V29.Test.csproj", "{07322BB8-95D0-4D41-88E3-3FB66160B00B}"
EndProject
Global
	GlobalSection(SolutionConfigurationPlatforms) = preSolution
		Debug|Any CPU = Debug|Any CPU
		Release|Any CPU = Release|Any CPU
	EndGlobalSection
	GlobalSection(ProjectConfigurationPlatforms) = postSolution
		{EE413596-D5C9-44C6-A8A1-FF0D1A6F2D84}.Debug|Any CPU.ActiveCfg = Debug|Any CPU
		{EE413596-D5C9-44C6-A8A1-FF0D1A6F2D84}.Debug|Any CPU.Build.0 = Debug|Any CPU
		{EE413596-D5C9-44C6-A8A1-FF0D1A6F2D84}.Release|Any CPU.ActiveCfg = Release|Any CPU
		{EE413596-D5C9-44C6-A8A1-FF0D1A6F2D84}.Release|Any CPU.Build.0 = Release|Any CPU
		{8A671CBB-FB24-4BC2-9C54-D4C15443D286}.Debug|Any CPU.ActiveCfg = Debug|Any CPU
		{8A671CBB-FB24-4BC2-9C54-D4C15443D286}.Debug|Any CPU.Build.0 = Debug|Any CPU
		{8A671CBB-FB24-4BC2-9C54-D4C15443D286}.Release|Any CPU.ActiveCfg = Release|Any CPU
		{8A671CBB-FB24-4BC2-9C54-D4C15443D286}.Release|Any CPU.Build.0 = Release|Any CPU
		{7B461482-04BA-46BD-B10A-7D042250C104}.Debug|Any CPU.ActiveCfg = Debug|Any CPU
		{7B461482-04BA-46BD-B10A-7D042250C104}.Debug|Any CPU.Build.0 = Debug|Any CPU
		{7B461482-04BA-46BD-B10A-7D042250C104}.Release|Any CPU.ActiveCfg = Release|Any CPU
		{7B461482-04BA-46BD-B10A-7D042250C104}.Release|Any CPU.Build.0 = Release|Any CPU
		{6526BA8D-3E89-439D-941B-DEFC408B4B70}.Debug|Any CPU.ActiveCfg = Debug|Any CPU
		{6526BA8D-3E89-439D-941B-DEFC408B4B70}.Debug|Any CPU.Build.0 = Debug|Any CPU
		{6526BA8D-3E89-439D-941B-DEFC408B4B70}.Release|Any CPU.ActiveCfg = Release|Any CPU
		{6526BA8D-3E89-439D-941B-DEFC408B4B70}.Release|Any CPU.Build.0 = Release|Any CPU
		{00D7F9A1-BB98-4B83-B8A7-0D09FF0FC7FE}.Debug|Any CPU.ActiveCfg = Debug|Any CPU
		{00D7F9A1-BB98-4B83-B8A7-0D09FF0FC7FE}.Debug|Any CPU.Build.0 = Debug|Any CPU
		{00D7F9A1-BB98-4B83-B8A7-0D09FF0FC7FE}.Release|Any CPU.ActiveCfg = Release|Any CPU
		{00D7F9A1-BB98-4B83-B8A7-0D09FF0FC7FE}.Release|Any CPU.Build.0 = Release|Any CPU
		{C09A4326-C8CD-4961-A730-23934EE3CDD5}.Debug|Any CPU.ActiveCfg = Debug|Any CPU
		{C09A4326-C8CD-4961-A730-23934EE3CDD5}.Debug|Any CPU.Build.0 = Debug|Any CPU
		{C09A4326-C8CD-4961-A730-23934EE3CDD5}.Release|Any CPU.ActiveCfg = Release|Any CPU
		{C09A4326-C8CD-4961-A730-23934EE3CDD5}.Release|Any CPU.Build.0 = Release|Any CPU
		{F8F153BD-2F25-4EDE-9370-2DD91BFF12D2}.Debug|Any CPU.ActiveCfg = Debug|Any CPU
		{F8F153BD-2F25-4EDE-9370-2DD91BFF12D2}.Debug|Any CPU.Build.0 = Debug|Any CPU
		{F8F153BD-2F25-4EDE-9370-2DD91BFF12D2}.Release|Any CPU.ActiveCfg = Release|Any CPU
		{F8F153BD-2F25-4EDE-9370-2DD91BFF12D2}.Release|Any CPU.Build.0 = Release|Any CPU
		{4EE0B76B-2FE3-4107-8043-1A07437999FE}.Debug|Any CPU.ActiveCfg = Debug|Any CPU
		{4EE0B76B-2FE3-4107-8043-1A07437999FE}.Debug|Any CPU.Build.0 = Debug|Any CPU
		{4EE0B76B-2FE3-4107-8043-1A07437999FE}.Release|Any CPU.ActiveCfg = Release|Any CPU
		{4EE0B76B-2FE3-4107-8043-1A07437999FE}.Release|Any CPU.Build.0 = Release|Any CPU
		{8CDED294-D4A8-4285-8F67-5B2B8B823C2B}.Debug|Any CPU.ActiveCfg = Debug|Any CPU
		{8CDED294-D4A8-4285-8F67-5B2B8B823C2B}.Debug|Any CPU.Build.0 = Debug|Any CPU
		{8CDED294-D4A8-4285-8F67-5B2B8B823C2B}.Release|Any CPU.ActiveCfg = Release|Any CPU
		{8CDED294-D4A8-4285-8F67-5B2B8B823C2B}.Release|Any CPU.Build.0 = Release|Any CPU
		{37CFDF4F-BFA4-4018-955C-FF4336E6E6D3}.Debug|Any CPU.ActiveCfg = Debug|Any CPU
		{37CFDF4F-BFA4-4018-955C-FF4336E6E6D3}.Debug|Any CPU.Build.0 = Debug|Any CPU
		{37CFDF4F-BFA4-4018-955C-FF4336E6E6D3}.Release|Any CPU.ActiveCfg = Release|Any CPU
		{37CFDF4F-BFA4-4018-955C-FF4336E6E6D3}.Release|Any CPU.Build.0 = Release|Any CPU
		{27E8BCBE-A80A-47B4-87C5-2C8730050B52}.Debug|Any CPU.ActiveCfg = Debug|Any CPU
		{27E8BCBE-A80A-47B4-87C5-2C8730050B52}.Debug|Any CPU.Build.0 = Debug|Any CPU
		{27E8BCBE-A80A-47B4-87C5-2C8730050B52}.Release|Any CPU.ActiveCfg = Release|Any CPU
		{27E8BCBE-A80A-47B4-87C5-2C8730050B52}.Release|Any CPU.Build.0 = Release|Any CPU
		{053964B6-C7A6-4BD6-9A6F-933943D7DA7E}.Debug|Any CPU.ActiveCfg = Debug|Any CPU
		{053964B6-C7A6-4BD6-9A6F-933943D7DA7E}.Debug|Any CPU.Build.0 = Debug|Any CPU
		{053964B6-C7A6-4BD6-9A6F-933943D7DA7E}.Release|Any CPU.ActiveCfg = Release|Any CPU
		{053964B6-C7A6-4BD6-9A6F-933943D7DA7E}.Release|Any CPU.Build.0 = Release|Any CPU
		{583B516F-FF71-4433-B711-E213EF5B3D37}.Debug|Any CPU.ActiveCfg = Debug|Any CPU
		{583B516F-FF71-4433-B711-E213EF5B3D37}.Debug|Any CPU.Build.0 = Debug|Any CPU
		{583B516F-FF71-4433-B711-E213EF5B3D37}.Release|Any CPU.ActiveCfg = Release|Any CPU
		{583B516F-FF71-4433-B711-E213EF5B3D37}.Release|Any CPU.Build.0 = Release|Any CPU
		{F5D8CDFF-C72F-44A0-9EE5-41AD6293D7B5}.Debug|Any CPU.ActiveCfg = Debug|Any CPU
		{F5D8CDFF-C72F-44A0-9EE5-41AD6293D7B5}.Debug|Any CPU.Build.0 = Debug|Any CPU
		{F5D8CDFF-C72F-44A0-9EE5-41AD6293D7B5}.Release|Any CPU.ActiveCfg = Release|Any CPU
		{F5D8CDFF-C72F-44A0-9EE5-41AD6293D7B5}.Release|Any CPU.Build.0 = Release|Any CPU
		{D5CCDF13-BE5A-4807-BEF1-0DEF36A4DAB6}.Debug|Any CPU.ActiveCfg = Debug|Any CPU
		{D5CCDF13-BE5A-4807-BEF1-0DEF36A4DAB6}.Debug|Any CPU.Build.0 = Debug|Any CPU
		{D5CCDF13-BE5A-4807-BEF1-0DEF36A4DAB6}.Release|Any CPU.ActiveCfg = Release|Any CPU
		{D5CCDF13-BE5A-4807-BEF1-0DEF36A4DAB6}.Release|Any CPU.Build.0 = Release|Any CPU
		{D6F7B316-4FD6-4E67-8409-FF495AD24D18}.Debug|Any CPU.ActiveCfg = Debug|Any CPU
		{D6F7B316-4FD6-4E67-8409-FF495AD24D18}.Debug|Any CPU.Build.0 = Debug|Any CPU
		{D6F7B316-4FD6-4E67-8409-FF495AD24D18}.Release|Any CPU.ActiveCfg = Release|Any CPU
		{D6F7B316-4FD6-4E67-8409-FF495AD24D18}.Release|Any CPU.Build.0 = Release|Any CPU
		{527397CA-AB6D-417F-AEF1-7B3E62B33D6A}.Debug|Any CPU.ActiveCfg = Debug|Any CPU
		{527397CA-AB6D-417F-AEF1-7B3E62B33D6A}.Debug|Any CPU.Build.0 = Debug|Any CPU
		{527397CA-AB6D-417F-AEF1-7B3E62B33D6A}.Release|Any CPU.ActiveCfg = Release|Any CPU
		{527397CA-AB6D-417F-AEF1-7B3E62B33D6A}.Release|Any CPU.Build.0 = Release|Any CPU
		{07322BB8-95D0-4D41-88E3-3FB66160B00B}.Debug|Any CPU.ActiveCfg = Debug|Any CPU
		{07322BB8-95D0-4D41-88E3-3FB66160B00B}.Debug|Any CPU.Build.0 = Debug|Any CPU
		{07322BB8-95D0-4D41-88E3-3FB66160B00B}.Release|Any CPU.ActiveCfg = Release|Any CPU
		{07322BB8-95D0-4D41-88E3-3FB66160B00B}.Release|Any CPU.Build.0 = Release|Any CPU
	EndGlobalSection
	GlobalSection(SolutionProperties) = preSolution
		HideSolutionNode = FALSE
	EndGlobalSection
	GlobalSection(NestedProjects) = preSolution
		{EE413596-D5C9-44C6-A8A1-FF0D1A6F2D84} = {C29E9D7E-1714-4816-A03C-7F83360A5ED0}
		{8A671CBB-FB24-4BC2-9C54-D4C15443D286} = {C29E9D7E-1714-4816-A03C-7F83360A5ED0}
		{7B461482-04BA-46BD-B10A-7D042250C104} = {C29E9D7E-1714-4816-A03C-7F83360A5ED0}
		{6526BA8D-3E89-439D-941B-DEFC408B4B70} = {8F5AE663-CE4F-464F-8940-B21F4DF8290B}
		{00D7F9A1-BB98-4B83-B8A7-0D09FF0FC7FE} = {8F5AE663-CE4F-464F-8940-B21F4DF8290B}
		{C09A4326-C8CD-4961-A730-23934EE3CDD5} = {8F5AE663-CE4F-464F-8940-B21F4DF8290B}
		{F8F153BD-2F25-4EDE-9370-2DD91BFF12D2} = {64384C20-DE14-4B0C-8894-A5C9EE98A71D}
		{4EE0B76B-2FE3-4107-8043-1A07437999FE} = {64384C20-DE14-4B0C-8894-A5C9EE98A71D}
		{8CDED294-D4A8-4285-8F67-5B2B8B823C2B} = {64384C20-DE14-4B0C-8894-A5C9EE98A71D}
		{37CFDF4F-BFA4-4018-955C-FF4336E6E6D3} = {7AE0120C-8034-4ED0-A0D7-E0A73A73F65D}
		{27E8BCBE-A80A-47B4-87C5-2C8730050B52} = {7AE0120C-8034-4ED0-A0D7-E0A73A73F65D}
		{053964B6-C7A6-4BD6-9A6F-933943D7DA7E} = {7AE0120C-8034-4ED0-A0D7-E0A73A73F65D}
		{583B516F-FF71-4433-B711-E213EF5B3D37} = {90B13114-14A8-4EE0-9005-984A42FB0C27}
		{F5D8CDFF-C72F-44A0-9EE5-41AD6293D7B5} = {90B13114-14A8-4EE0-9005-984A42FB0C27}
		{D5CCDF13-BE5A-4807-BEF1-0DEF36A4DAB6} = {90B13114-14A8-4EE0-9005-984A42FB0C27}
		{D6F7B316-4FD6-4E67-8409-FF495AD24D18} = {139CD47F-F3A5-4E5D-BDB8-86B873DC398C}
		{527397CA-AB6D-417F-AEF1-7B3E62B33D6A} = {139CD47F-F3A5-4E5D-BDB8-86B873DC398C}
		{07322BB8-95D0-4D41-88E3-3FB66160B00B} = {139CD47F-F3A5-4E5D-BDB8-86B873DC398C}
	EndGlobalSection
	GlobalSection(ExtensibilityGlobals) = postSolution
		SolutionGuid = {322A36B7-0343-44AB-8927-F755ABE4D68B}
	EndGlobalSection
EndGlobal
